
Microsoft Visual Studio Solution File, Format Version 12.00
# Visual Studio 15
VisualStudioVersion = 15.0.27130.2036
MinimumVisualStudioVersion = 10.0.40219.1
Project("{FAE04EC0-301F-11D3-BF4B-00C04F79EFBC}") = "DigitalDeltaFilterParser", "DigitalDeltaFilterRequestParser\DigitalDeltaFilterParser.csproj", "{643E782E-DACC-4118-8F97-50EC07C73385}"
EndProject
Project("{FAE04EC0-301F-11D3-BF4B-00C04F79EFBC}") = "DigitalDeltaFilterParserTests", "DigitalDeltaFilterParserTests\DigitalDeltaFilterParserTests.csproj", "{6778FF0C-FF5C-4B54-91E6-AC3C4E1BADF3}"
EndProject
Global
	GlobalSection(SolutionConfigurationPlatforms) = preSolution
		Debug|Any CPU = Debug|Any CPU
		Release|Any CPU = Release|Any CPU
	EndGlobalSection
	GlobalSection(ProjectConfigurationPlatforms) = postSolution
		{643E782E-DACC-4118-8F97-50EC07C73385}.Debug|Any CPU.ActiveCfg = Debug|Any CPU
		{643E782E-DACC-4118-8F97-50EC07C73385}.Debug|Any CPU.Build.0 = Debug|Any CPU
		{643E782E-DACC-4118-8F97-50EC07C73385}.Release|Any CPU.ActiveCfg = Release|Any CPU
		{643E782E-DACC-4118-8F97-50EC07C73385}.Release|Any CPU.Build.0 = Release|Any CPU
		{6778FF0C-FF5C-4B54-91E6-AC3C4E1BADF3}.Debug|Any CPU.ActiveCfg = Debug|Any CPU
		{6778FF0C-FF5C-4B54-91E6-AC3C4E1BADF3}.Debug|Any CPU.Build.0 = Debug|Any CPU
		{6778FF0C-FF5C-4B54-91E6-AC3C4E1BADF3}.Release|Any CPU.ActiveCfg = Release|Any CPU
		{6778FF0C-FF5C-4B54-91E6-AC3C4E1BADF3}.Release|Any CPU.Build.0 = Release|Any CPU
	EndGlobalSection
	GlobalSection(SolutionProperties) = preSolution
		HideSolutionNode = FALSE
	EndGlobalSection
	GlobalSection(ExtensibilityGlobals) = postSolution
		BuildVersion_UseGlobalSettings = True
		BuildVersion_AssemblyInfoFilename = 
		BuildVersion_UpdateFileVersion = True
		BuildVersion_UpdateAssemblyVersion = True
		BuildVersion_BuildVersioningStyle = None.None.Increment.None
		BuildVersion_StartDate = 2000/1/1
		SolutionGuid = {B411D6B4-EA70-4DC9-B09E-F45290378A4C}
	EndGlobalSection
	GlobalSection(TeamFoundationVersionControl) = preSolution
		SccNumberOfProjects = 3
		SccEnterpriseProvider = {4CA58AB2-18FA-4F8D-95D4-32DDF27D184C}
		SccTeamFoundationServer = https://isytec.visualstudio.com/
		SccLocalPath0 = .
		SccProjectUniqueName1 = DigitalDeltaFilterParserTests\\DigitalDeltaFilterParserTests.csproj
		SccProjectName1 = DigitalDeltaFilterParserTests
		SccLocalPath1 = DigitalDeltaFilterParserTests
		SccProjectUniqueName2 = DigitalDeltaFilterRequestParser\\DigitalDeltaFilterParser.csproj
		SccProjectName2 = DigitalDeltaFilterRequestParser
		SccLocalPath2 = DigitalDeltaFilterRequestParser
	EndGlobalSection
EndGlobal
